
Microsoft Visual Studio Solution File, Format Version 12.00
# Visual Studio 15
VisualStudioVersion = 15.0.27703.2000
MinimumVisualStudioVersion = 10.0.40219.1
Project("{9A19103F-16F7-4668-BE54-9A1E7A4F7556}") = "WebApp", "WebApp\WebApp.csproj", "{11500660-29AF-430C-B1B0-61F23D9CDE76}"
EndProject
Project("{FAE04EC0-301F-11D3-BF4B-00C04F79EFBC}") = "BusinesLogicDLL", "BusinesLogicDLL\BusinesLogicDLL.csproj", "{1D6A52A2-5571-4673-91C5-D6AC6A226B04}"
EndProject
Global
	GlobalSection(SolutionConfigurationPlatforms) = preSolution
		Debug|Any CPU = Debug|Any CPU
		Release|Any CPU = Release|Any CPU
	EndGlobalSection
	GlobalSection(ProjectConfigurationPlatforms) = postSolution
		{11500660-29AF-430C-B1B0-61F23D9CDE76}.Debug|Any CPU.ActiveCfg = Debug|Any CPU
		{11500660-29AF-430C-B1B0-61F23D9CDE76}.Debug|Any CPU.Build.0 = Debug|Any CPU
		{11500660-29AF-430C-B1B0-61F23D9CDE76}.Release|Any CPU.ActiveCfg = Release|Any CPU
		{11500660-29AF-430C-B1B0-61F23D9CDE76}.Release|Any CPU.Build.0 = Release|Any CPU
		{1D6A52A2-5571-4673-91C5-D6AC6A226B04}.Debug|Any CPU.ActiveCfg = Debug|Any CPU
		{1D6A52A2-5571-4673-91C5-D6AC6A226B04}.Debug|Any CPU.Build.0 = Debug|Any CPU
		{1D6A52A2-5571-4673-91C5-D6AC6A226B04}.Release|Any CPU.ActiveCfg = Release|Any CPU
		{1D6A52A2-5571-4673-91C5-D6AC6A226B04}.Release|Any CPU.Build.0 = Release|Any CPU
	EndGlobalSection
	GlobalSection(SolutionProperties) = preSolution
		HideSolutionNode = FALSE
	EndGlobalSection
	GlobalSection(ExtensibilityGlobals) = postSolution
		SolutionGuid = {61B0F9D8-688E-45D7-A39D-23B0E1292072}
	EndGlobalSection
EndGlobal
